
Microsoft Visual Studio Solution File, Format Version 12.00
Project("{FAE04EC0-301F-11D3-BF4B-00C04F79EFBC}") = "MyRental.Api", "MyRental.Api\MyRental.Api.csproj", "{FD9B0787-4A95-40D0-AC38-20FF279C5D00}"
EndProject
Project("{FAE04EC0-301F-11D3-BF4B-00C04F79EFBC}") = "MyRental.Services", "MyRental.Services\MyRental.Services.csproj", "{1070684D-D75C-4AA7-8218-B9C5DC21F46C}"
EndProject
Project("{FAE04EC0-301F-11D3-BF4B-00C04F79EFBC}") = "MyRental.Infrastructure", "MyRental.Infrastructure\MyRental.Infrastructure.csproj", "{29830BE4-09E5-4A6F-880C-96DD33A66D41}"
EndProject
Project("{FAE04EC0-301F-11D3-BF4B-00C04F79EFBC}") = "MyRental.Blazor", "MyRental.Blazor\MyRental.Blazor.csproj", "{09383A7A-0A42-4865-9BA1-E1BB89B4FC9D}"
EndProject
Global
	GlobalSection(SolutionConfigurationPlatforms) = preSolution
		Debug|Any CPU = Debug|Any CPU
		Release|Any CPU = Release|Any CPU
	EndGlobalSection
	GlobalSection(ProjectConfigurationPlatforms) = postSolution
		{FD9B0787-4A95-40D0-AC38-20FF279C5D00}.Debug|Any CPU.ActiveCfg = Debug|Any CPU
		{FD9B0787-4A95-40D0-AC38-20FF279C5D00}.Debug|Any CPU.Build.0 = Debug|Any CPU
		{FD9B0787-4A95-40D0-AC38-20FF279C5D00}.Release|Any CPU.ActiveCfg = Release|Any CPU
		{FD9B0787-4A95-40D0-AC38-20FF279C5D00}.Release|Any CPU.Build.0 = Release|Any CPU
		{1070684D-D75C-4AA7-8218-B9C5DC21F46C}.Debug|Any CPU.ActiveCfg = Debug|Any CPU
		{1070684D-D75C-4AA7-8218-B9C5DC21F46C}.Debug|Any CPU.Build.0 = Debug|Any CPU
		{1070684D-D75C-4AA7-8218-B9C5DC21F46C}.Release|Any CPU.ActiveCfg = Release|Any CPU
		{1070684D-D75C-4AA7-8218-B9C5DC21F46C}.Release|Any CPU.Build.0 = Release|Any CPU
		{29830BE4-09E5-4A6F-880C-96DD33A66D41}.Debug|Any CPU.ActiveCfg = Debug|Any CPU
		{29830BE4-09E5-4A6F-880C-96DD33A66D41}.Debug|Any CPU.Build.0 = Debug|Any CPU
		{29830BE4-09E5-4A6F-880C-96DD33A66D41}.Release|Any CPU.ActiveCfg = Release|Any CPU
		{29830BE4-09E5-4A6F-880C-96DD33A66D41}.Release|Any CPU.Build.0 = Release|Any CPU
		{09383A7A-0A42-4865-9BA1-E1BB89B4FC9D}.Debug|Any CPU.ActiveCfg = Debug|Any CPU
		{09383A7A-0A42-4865-9BA1-E1BB89B4FC9D}.Debug|Any CPU.Build.0 = Debug|Any CPU
		{09383A7A-0A42-4865-9BA1-E1BB89B4FC9D}.Release|Any CPU.ActiveCfg = Release|Any CPU
		{09383A7A-0A42-4865-9BA1-E1BB89B4FC9D}.Release|Any CPU.Build.0 = Release|Any CPU
	EndGlobalSection
EndGlobal
